
Microsoft Visual Studio Solution File, Format Version 12.00
# Visual Studio Version 17
VisualStudioVersion = 17.8.34227.203
MinimumVisualStudioVersion = 10.0.40219.1
Project("{2150E333-8FDC-42A3-9474-1A3956D46DE8}") = "src", "src", "{EB4E9EB4-E1E4-427A-B816-85E50AE29198}"
EndProject
Project("{2150E333-8FDC-42A3-9474-1A3956D46DE8}") = "ApiGateways", "ApiGateways", "{A023ED4A-DAA8-463B-8DA7-501B3EC22635}"
EndProject
Project("{2150E333-8FDC-42A3-9474-1A3956D46DE8}") = "Services", "Services", "{9AC77A1B-B04B-417D-B8E9-CCCACCC1176C}"
EndProject
Project("{2150E333-8FDC-42A3-9474-1A3956D46DE8}") = "BuildingBlocks", "BuildingBlocks", "{F113AC88-C63B-486A-8BC6-BCEE7DE3F84A}"
EndProject
Project("{2150E333-8FDC-42A3-9474-1A3956D46DE8}") = "Tests", "Tests", "{694ABE69-37C6-4D9E-BF60-7673CC53E0A5}"
EndProject
Project("{2150E333-8FDC-42A3-9474-1A3956D46DE8}") = "Person", "Person", "{B267B88E-2C01-4C17-834A-93D44C4501DF}"
EndProject
Project("{2150E333-8FDC-42A3-9474-1A3956D46DE8}") = "Report", "Report", "{D0B3A1CA-7907-4AF9-B429-208BE5109FE6}"
EndProject
Project("{9A19103F-16F7-4668-BE54-9A1E7A4F7556}") = "PersonAPI", "src\Services\Person\PersonAPI\PersonAPI.csproj", "{1A9DAEEC-992C-45C6-AC1E-161CFCE87275}"
EndProject
Project("{9A19103F-16F7-4668-BE54-9A1E7A4F7556}") = "ReportAPI", "src\Services\Report\ReportAPI\ReportAPI.csproj", "{E471411A-C306-450D-A151-167F80CED9B7}"
EndProject
Project("{9A19103F-16F7-4668-BE54-9A1E7A4F7556}") = "GatewayAPI", "src\ApiGateways\GatewayAPI\GatewayAPI.csproj", "{1ED49E92-851D-43E4-A923-4E783EAE8815}"
EndProject
Global
	GlobalSection(SolutionConfigurationPlatforms) = preSolution
		Debug|Any CPU = Debug|Any CPU
		Release|Any CPU = Release|Any CPU
	EndGlobalSection
	GlobalSection(ProjectConfigurationPlatforms) = postSolution
		{1A9DAEEC-992C-45C6-AC1E-161CFCE87275}.Debug|Any CPU.ActiveCfg = Debug|Any CPU
		{1A9DAEEC-992C-45C6-AC1E-161CFCE87275}.Debug|Any CPU.Build.0 = Debug|Any CPU
		{1A9DAEEC-992C-45C6-AC1E-161CFCE87275}.Release|Any CPU.ActiveCfg = Release|Any CPU
		{1A9DAEEC-992C-45C6-AC1E-161CFCE87275}.Release|Any CPU.Build.0 = Release|Any CPU
		{E471411A-C306-450D-A151-167F80CED9B7}.Debug|Any CPU.ActiveCfg = Debug|Any CPU
		{E471411A-C306-450D-A151-167F80CED9B7}.Debug|Any CPU.Build.0 = Debug|Any CPU
		{E471411A-C306-450D-A151-167F80CED9B7}.Release|Any CPU.ActiveCfg = Release|Any CPU
		{E471411A-C306-450D-A151-167F80CED9B7}.Release|Any CPU.Build.0 = Release|Any CPU
		{1ED49E92-851D-43E4-A923-4E783EAE8815}.Debug|Any CPU.ActiveCfg = Debug|Any CPU
		{1ED49E92-851D-43E4-A923-4E783EAE8815}.Debug|Any CPU.Build.0 = Debug|Any CPU
		{1ED49E92-851D-43E4-A923-4E783EAE8815}.Release|Any CPU.ActiveCfg = Release|Any CPU
		{1ED49E92-851D-43E4-A923-4E783EAE8815}.Release|Any CPU.Build.0 = Release|Any CPU
	EndGlobalSection
	GlobalSection(SolutionProperties) = preSolution
		HideSolutionNode = FALSE
	EndGlobalSection
	GlobalSection(NestedProjects) = preSolution
		{A023ED4A-DAA8-463B-8DA7-501B3EC22635} = {EB4E9EB4-E1E4-427A-B816-85E50AE29198}
		{9AC77A1B-B04B-417D-B8E9-CCCACCC1176C} = {EB4E9EB4-E1E4-427A-B816-85E50AE29198}
		{F113AC88-C63B-486A-8BC6-BCEE7DE3F84A} = {EB4E9EB4-E1E4-427A-B816-85E50AE29198}
		{694ABE69-37C6-4D9E-BF60-7673CC53E0A5} = {EB4E9EB4-E1E4-427A-B816-85E50AE29198}
		{B267B88E-2C01-4C17-834A-93D44C4501DF} = {9AC77A1B-B04B-417D-B8E9-CCCACCC1176C}
		{D0B3A1CA-7907-4AF9-B429-208BE5109FE6} = {9AC77A1B-B04B-417D-B8E9-CCCACCC1176C}
		{1A9DAEEC-992C-45C6-AC1E-161CFCE87275} = {B267B88E-2C01-4C17-834A-93D44C4501DF}
		{E471411A-C306-450D-A151-167F80CED9B7} = {D0B3A1CA-7907-4AF9-B429-208BE5109FE6}
		{1ED49E92-851D-43E4-A923-4E783EAE8815} = {A023ED4A-DAA8-463B-8DA7-501B3EC22635}
	EndGlobalSection
	GlobalSection(ExtensibilityGlobals) = postSolution
		SolutionGuid = {0C96D7B0-552B-4917-AFD0-3BEE40E55FBC}
	EndGlobalSection
EndGlobal
