
Microsoft Visual Studio Solution File, Format Version 12.00
# Visual Studio Version 17
VisualStudioVersion = 17.8.34227.203
MinimumVisualStudioVersion = 10.0.40219.1
Project("{2150E333-8FDC-42A3-9474-1A3956D46DE8}") = "src", "src", "{EB4E9EB4-E1E4-427A-B816-85E50AE29198}"
EndProject
Project("{2150E333-8FDC-42A3-9474-1A3956D46DE8}") = "ApiGateways", "ApiGateways", "{A023ED4A-DAA8-463B-8DA7-501B3EC22635}"
EndProject
Project("{2150E333-8FDC-42A3-9474-1A3956D46DE8}") = "Services", "Services", "{9AC77A1B-B04B-417D-B8E9-CCCACCC1176C}"
EndProject
Project("{2150E333-8FDC-42A3-9474-1A3956D46DE8}") = "BuildingBlocks", "BuildingBlocks", "{F113AC88-C63B-486A-8BC6-BCEE7DE3F84A}"
EndProject
Project("{2150E333-8FDC-42A3-9474-1A3956D46DE8}") = "Tests", "Tests", "{694ABE69-37C6-4D9E-BF60-7673CC53E0A5}"
EndProject
Project("{2150E333-8FDC-42A3-9474-1A3956D46DE8}") = "Person", "Person", "{B267B88E-2C01-4C17-834A-93D44C4501DF}"
EndProject
Project("{2150E333-8FDC-42A3-9474-1A3956D46DE8}") = "Report", "Report", "{D0B3A1CA-7907-4AF9-B429-208BE5109FE6}"
EndProject
Project("{9A19103F-16F7-4668-BE54-9A1E7A4F7556}") = "PersonAPI", "src\Services\Person\PersonAPI\PersonAPI.csproj", "{1A9DAEEC-992C-45C6-AC1E-161CFCE87275}"
EndProject
Project("{9A19103F-16F7-4668-BE54-9A1E7A4F7556}") = "ReportAPI", "src\Services\Report\ReportAPI\ReportAPI.csproj", "{E471411A-C306-450D-A151-167F80CED9B7}"
EndProject
Project("{9A19103F-16F7-4668-BE54-9A1E7A4F7556}") = "GatewayAPI", "src\ApiGateways\GatewayAPI\GatewayAPI.csproj", "{1ED49E92-851D-43E4-A923-4E783EAE8815}"
EndProject
Project("{2150E333-8FDC-42A3-9474-1A3956D46DE8}") = "EventBus", "EventBus", "{9D7E4B3B-6A70-4112-98D5-77AD08818F31}"
EndProject
Project("{9A19103F-16F7-4668-BE54-9A1E7A4F7556}") = "EventBus", "src\BuildingBlocks\EventBus\EventBus\EventBus.csproj", "{7030A7C9-C62A-470C-AD46-CF7E663CCC2F}"
EndProject
Project("{9A19103F-16F7-4668-BE54-9A1E7A4F7556}") = "EventBus.RabbitMQ", "src\BuildingBlocks\EventBus\EventBus.RabbitMQ\EventBus.RabbitMQ.csproj", "{26473909-B979-4F37-A8CB-DA734D87EF75}"
EndProject
Project("{2150E333-8FDC-42A3-9474-1A3956D46DE8}") = "Logging", "Logging", "{81AAD35A-081C-4D01-A6D9-184019C73502}"
EndProject
Project("{9A19103F-16F7-4668-BE54-9A1E7A4F7556}") = "Logging", "src\BuildingBlocks\Logging\Logging\Logging.csproj", "{029902C9-AB49-40C3-9636-D430FFAC26A9}"
EndProject
Project("{9A19103F-16F7-4668-BE54-9A1E7A4F7556}") = "Application", "src\Services\Person\Application\Application.csproj", "{68AE915C-F3C3-4BBD-B817-1C7187DE8087}"
EndProject
Project("{9A19103F-16F7-4668-BE54-9A1E7A4F7556}") = "Domain", "src\Services\Person\Domain\Domain.csproj", "{4B549DED-1ADD-40E9-BF5F-3FDECE654DAE}"
EndProject
Project("{9A19103F-16F7-4668-BE54-9A1E7A4F7556}") = "Infrastructure", "src\Services\Person\Infrastructure\Infrastructure.csproj", "{89D18F84-7DFB-412F-8652-DBF5B5B680C0}"
EndProject
Project("{E53339B2-1760-4266-BCC7-CA923CBCF16C}") = "docker-compose", "docker-compose.dcproj", "{BF5716DC-39BB-4688-B76B-0B08B519B4BC}"
EndProject
Global
	GlobalSection(SolutionConfigurationPlatforms) = preSolution
		Debug|Any CPU = Debug|Any CPU
		Release|Any CPU = Release|Any CPU
	EndGlobalSection
	GlobalSection(ProjectConfigurationPlatforms) = postSolution
		{1A9DAEEC-992C-45C6-AC1E-161CFCE87275}.Debug|Any CPU.ActiveCfg = Debug|Any CPU
		{1A9DAEEC-992C-45C6-AC1E-161CFCE87275}.Debug|Any CPU.Build.0 = Debug|Any CPU
		{1A9DAEEC-992C-45C6-AC1E-161CFCE87275}.Release|Any CPU.ActiveCfg = Release|Any CPU
		{1A9DAEEC-992C-45C6-AC1E-161CFCE87275}.Release|Any CPU.Build.0 = Release|Any CPU
		{E471411A-C306-450D-A151-167F80CED9B7}.Debug|Any CPU.ActiveCfg = Debug|Any CPU
		{E471411A-C306-450D-A151-167F80CED9B7}.Debug|Any CPU.Build.0 = Debug|Any CPU
		{E471411A-C306-450D-A151-167F80CED9B7}.Release|Any CPU.ActiveCfg = Release|Any CPU
		{E471411A-C306-450D-A151-167F80CED9B7}.Release|Any CPU.Build.0 = Release|Any CPU
		{1ED49E92-851D-43E4-A923-4E783EAE8815}.Debug|Any CPU.ActiveCfg = Debug|Any CPU
		{1ED49E92-851D-43E4-A923-4E783EAE8815}.Debug|Any CPU.Build.0 = Debug|Any CPU
		{1ED49E92-851D-43E4-A923-4E783EAE8815}.Release|Any CPU.ActiveCfg = Release|Any CPU
		{1ED49E92-851D-43E4-A923-4E783EAE8815}.Release|Any CPU.Build.0 = Release|Any CPU
		{7030A7C9-C62A-470C-AD46-CF7E663CCC2F}.Debug|Any CPU.ActiveCfg = Debug|Any CPU
		{7030A7C9-C62A-470C-AD46-CF7E663CCC2F}.Debug|Any CPU.Build.0 = Debug|Any CPU
		{7030A7C9-C62A-470C-AD46-CF7E663CCC2F}.Release|Any CPU.ActiveCfg = Release|Any CPU
		{7030A7C9-C62A-470C-AD46-CF7E663CCC2F}.Release|Any CPU.Build.0 = Release|Any CPU
		{26473909-B979-4F37-A8CB-DA734D87EF75}.Debug|Any CPU.ActiveCfg = Debug|Any CPU
		{26473909-B979-4F37-A8CB-DA734D87EF75}.Debug|Any CPU.Build.0 = Debug|Any CPU
		{26473909-B979-4F37-A8CB-DA734D87EF75}.Release|Any CPU.ActiveCfg = Release|Any CPU
		{26473909-B979-4F37-A8CB-DA734D87EF75}.Release|Any CPU.Build.0 = Release|Any CPU
		{029902C9-AB49-40C3-9636-D430FFAC26A9}.Debug|Any CPU.ActiveCfg = Debug|Any CPU
		{029902C9-AB49-40C3-9636-D430FFAC26A9}.Debug|Any CPU.Build.0 = Debug|Any CPU
		{029902C9-AB49-40C3-9636-D430FFAC26A9}.Release|Any CPU.ActiveCfg = Release|Any CPU
		{029902C9-AB49-40C3-9636-D430FFAC26A9}.Release|Any CPU.Build.0 = Release|Any CPU
		{68AE915C-F3C3-4BBD-B817-1C7187DE8087}.Debug|Any CPU.ActiveCfg = Debug|Any CPU
		{68AE915C-F3C3-4BBD-B817-1C7187DE8087}.Debug|Any CPU.Build.0 = Debug|Any CPU
		{68AE915C-F3C3-4BBD-B817-1C7187DE8087}.Release|Any CPU.ActiveCfg = Release|Any CPU
		{68AE915C-F3C3-4BBD-B817-1C7187DE8087}.Release|Any CPU.Build.0 = Release|Any CPU
		{4B549DED-1ADD-40E9-BF5F-3FDECE654DAE}.Debug|Any CPU.ActiveCfg = Debug|Any CPU
		{4B549DED-1ADD-40E9-BF5F-3FDECE654DAE}.Debug|Any CPU.Build.0 = Debug|Any CPU
		{4B549DED-1ADD-40E9-BF5F-3FDECE654DAE}.Release|Any CPU.ActiveCfg = Release|Any CPU
		{4B549DED-1ADD-40E9-BF5F-3FDECE654DAE}.Release|Any CPU.Build.0 = Release|Any CPU
		{89D18F84-7DFB-412F-8652-DBF5B5B680C0}.Debug|Any CPU.ActiveCfg = Debug|Any CPU
		{89D18F84-7DFB-412F-8652-DBF5B5B680C0}.Debug|Any CPU.Build.0 = Debug|Any CPU
		{89D18F84-7DFB-412F-8652-DBF5B5B680C0}.Release|Any CPU.ActiveCfg = Release|Any CPU
		{89D18F84-7DFB-412F-8652-DBF5B5B680C0}.Release|Any CPU.Build.0 = Release|Any CPU
		{BF5716DC-39BB-4688-B76B-0B08B519B4BC}.Debug|Any CPU.ActiveCfg = Debug|Any CPU
		{BF5716DC-39BB-4688-B76B-0B08B519B4BC}.Debug|Any CPU.Build.0 = Debug|Any CPU
		{BF5716DC-39BB-4688-B76B-0B08B519B4BC}.Release|Any CPU.ActiveCfg = Release|Any CPU
		{BF5716DC-39BB-4688-B76B-0B08B519B4BC}.Release|Any CPU.Build.0 = Release|Any CPU
	EndGlobalSection
	GlobalSection(SolutionProperties) = preSolution
		HideSolutionNode = FALSE
	EndGlobalSection
	GlobalSection(NestedProjects) = preSolution
		{A023ED4A-DAA8-463B-8DA7-501B3EC22635} = {EB4E9EB4-E1E4-427A-B816-85E50AE29198}
		{9AC77A1B-B04B-417D-B8E9-CCCACCC1176C} = {EB4E9EB4-E1E4-427A-B816-85E50AE29198}
		{F113AC88-C63B-486A-8BC6-BCEE7DE3F84A} = {EB4E9EB4-E1E4-427A-B816-85E50AE29198}
		{694ABE69-37C6-4D9E-BF60-7673CC53E0A5} = {EB4E9EB4-E1E4-427A-B816-85E50AE29198}
		{B267B88E-2C01-4C17-834A-93D44C4501DF} = {9AC77A1B-B04B-417D-B8E9-CCCACCC1176C}
		{D0B3A1CA-7907-4AF9-B429-208BE5109FE6} = {9AC77A1B-B04B-417D-B8E9-CCCACCC1176C}
		{1A9DAEEC-992C-45C6-AC1E-161CFCE87275} = {B267B88E-2C01-4C17-834A-93D44C4501DF}
		{E471411A-C306-450D-A151-167F80CED9B7} = {D0B3A1CA-7907-4AF9-B429-208BE5109FE6}
		{1ED49E92-851D-43E4-A923-4E783EAE8815} = {A023ED4A-DAA8-463B-8DA7-501B3EC22635}
		{9D7E4B3B-6A70-4112-98D5-77AD08818F31} = {F113AC88-C63B-486A-8BC6-BCEE7DE3F84A}
		{7030A7C9-C62A-470C-AD46-CF7E663CCC2F} = {9D7E4B3B-6A70-4112-98D5-77AD08818F31}
		{26473909-B979-4F37-A8CB-DA734D87EF75} = {9D7E4B3B-6A70-4112-98D5-77AD08818F31}
		{81AAD35A-081C-4D01-A6D9-184019C73502} = {F113AC88-C63B-486A-8BC6-BCEE7DE3F84A}
		{029902C9-AB49-40C3-9636-D430FFAC26A9} = {81AAD35A-081C-4D01-A6D9-184019C73502}
		{68AE915C-F3C3-4BBD-B817-1C7187DE8087} = {B267B88E-2C01-4C17-834A-93D44C4501DF}
		{4B549DED-1ADD-40E9-BF5F-3FDECE654DAE} = {B267B88E-2C01-4C17-834A-93D44C4501DF}
		{89D18F84-7DFB-412F-8652-DBF5B5B680C0} = {B267B88E-2C01-4C17-834A-93D44C4501DF}
	EndGlobalSection
	GlobalSection(ExtensibilityGlobals) = postSolution
		SolutionGuid = {0C96D7B0-552B-4917-AFD0-3BEE40E55FBC}
	EndGlobalSection
EndGlobal
